
Microsoft Visual Studio Solution File, Format Version 12.00
# Visual Studio 15
Project("{FAE04EC0-301F-11D3-BF4B-00C04F79EFBC}") = "notes.Android", "notes.Android\notes.Android.csproj", "{F6B72B1B-8C22-4EA7-9BBE-30430F320BB1}"
EndProject
Project("{FAE04EC0-301F-11D3-BF4B-00C04F79EFBC}") = "notes.iOS", "notes.iOS\notes.iOS.csproj", "{7A075239-110B-408D-9C8D-940C5E779A48}"
EndProject
Project("{FAE04EC0-301F-11D3-BF4B-00C04F79EFBC}") = "notes", "notes\notes.csproj", "{BC4FAAE4-77B5-4ED3-BEF3-48B6C47271D1}"
EndProject
Global
	GlobalSection(SolutionConfigurationPlatforms) = preSolution
		Debug|Any CPU = Debug|Any CPU
		Release|Any CPU = Release|Any CPU
		Debug|iPhoneSimulator = Debug|iPhoneSimulator
		Release|iPhoneSimulator = Release|iPhoneSimulator
		Debug|iPhone = Debug|iPhone
		Release|iPhone = Release|iPhone
		Ad-Hoc|iPhone = Ad-Hoc|iPhone
		AppStore|iPhone = AppStore|iPhone
	EndGlobalSection
	GlobalSection(ProjectConfigurationPlatforms) = postSolution
		{F6B72B1B-8C22-4EA7-9BBE-30430F320BB1}.Debug|Any CPU.ActiveCfg = Debug|Any CPU
		{F6B72B1B-8C22-4EA7-9BBE-30430F320BB1}.Debug|Any CPU.Build.0 = Debug|Any CPU
		{F6B72B1B-8C22-4EA7-9BBE-30430F320BB1}.Release|Any CPU.ActiveCfg = Release|Any CPU
		{F6B72B1B-8C22-4EA7-9BBE-30430F320BB1}.Release|Any CPU.Build.0 = Release|Any CPU
		{F6B72B1B-8C22-4EA7-9BBE-30430F320BB1}.Debug|iPhoneSimulator.ActiveCfg = Debug|Any CPU
		{F6B72B1B-8C22-4EA7-9BBE-30430F320BB1}.Debug|iPhoneSimulator.Build.0 = Debug|Any CPU
		{F6B72B1B-8C22-4EA7-9BBE-30430F320BB1}.Release|iPhoneSimulator.ActiveCfg = Release|Any CPU
		{F6B72B1B-8C22-4EA7-9BBE-30430F320BB1}.Release|iPhoneSimulator.Build.0 = Release|Any CPU
		{F6B72B1B-8C22-4EA7-9BBE-30430F320BB1}.Debug|iPhone.ActiveCfg = Debug|Any CPU
		{F6B72B1B-8C22-4EA7-9BBE-30430F320BB1}.Debug|iPhone.Build.0 = Debug|Any CPU
		{F6B72B1B-8C22-4EA7-9BBE-30430F320BB1}.Release|iPhone.ActiveCfg = Release|Any CPU
		{F6B72B1B-8C22-4EA7-9BBE-30430F320BB1}.Release|iPhone.Build.0 = Release|Any CPU
		{F6B72B1B-8C22-4EA7-9BBE-30430F320BB1}.Ad-Hoc|iPhone.ActiveCfg = Debug|Any CPU
		{F6B72B1B-8C22-4EA7-9BBE-30430F320BB1}.Ad-Hoc|iPhone.Build.0 = Debug|Any CPU
		{F6B72B1B-8C22-4EA7-9BBE-30430F320BB1}.AppStore|iPhone.ActiveCfg = Debug|Any CPU
		{F6B72B1B-8C22-4EA7-9BBE-30430F320BB1}.AppStore|iPhone.Build.0 = Debug|Any CPU
		{7A075239-110B-408D-9C8D-940C5E779A48}.Debug|Any CPU.ActiveCfg = Debug|iPhoneSimulator
		{7A075239-110B-408D-9C8D-940C5E779A48}.Debug|Any CPU.Build.0 = Debug|iPhoneSimulator
		{7A075239-110B-408D-9C8D-940C5E779A48}.Release|Any CPU.ActiveCfg = Release|iPhoneSimulator
		{7A075239-110B-408D-9C8D-940C5E779A48}.Release|Any CPU.Build.0 = Release|iPhoneSimulator
		{7A075239-110B-408D-9C8D-940C5E779A48}.Debug|iPhoneSimulator.ActiveCfg = Debug|iPhoneSimulator
		{7A075239-110B-408D-9C8D-940C5E779A48}.Debug|iPhoneSimulator.Build.0 = Debug|iPhoneSimulator
		{7A075239-110B-408D-9C8D-940C5E779A48}.Release|iPhoneSimulator.ActiveCfg = Release|iPhoneSimulator
		{7A075239-110B-408D-9C8D-940C5E779A48}.Release|iPhoneSimulator.Build.0 = Release|iPhoneSimulator
		{7A075239-110B-408D-9C8D-940C5E779A48}.Debug|iPhone.ActiveCfg = Debug|iPhone
		{7A075239-110B-408D-9C8D-940C5E779A48}.Debug|iPhone.Build.0 = Debug|iPhone
		{7A075239-110B-408D-9C8D-940C5E779A48}.Release|iPhone.ActiveCfg = Release|iPhone
		{7A075239-110B-408D-9C8D-940C5E779A48}.Release|iPhone.Build.0 = Release|iPhone
		{7A075239-110B-408D-9C8D-940C5E779A48}.Ad-Hoc|iPhone.ActiveCfg = Ad-Hoc|iPhone
		{7A075239-110B-408D-9C8D-940C5E779A48}.Ad-Hoc|iPhone.Build.0 = Ad-Hoc|iPhone
		{7A075239-110B-408D-9C8D-940C5E779A48}.AppStore|iPhone.ActiveCfg = AppStore|iPhone
		{7A075239-110B-408D-9C8D-940C5E779A48}.AppStore|iPhone.Build.0 = AppStore|iPhone
		{BC4FAAE4-77B5-4ED3-BEF3-48B6C47271D1}.Debug|Any CPU.ActiveCfg = Debug|Any CPU
		{BC4FAAE4-77B5-4ED3-BEF3-48B6C47271D1}.Debug|Any CPU.Build.0 = Debug|Any CPU
		{BC4FAAE4-77B5-4ED3-BEF3-48B6C47271D1}.Release|Any CPU.ActiveCfg = Release|Any CPU
		{BC4FAAE4-77B5-4ED3-BEF3-48B6C47271D1}.Release|Any CPU.Build.0 = Release|Any CPU
		{BC4FAAE4-77B5-4ED3-BEF3-48B6C47271D1}.Debug|iPhoneSimulator.ActiveCfg = Debug|Any CPU
		{BC4FAAE4-77B5-4ED3-BEF3-48B6C47271D1}.Debug|iPhoneSimulator.Build.0 = Debug|Any CPU
		{BC4FAAE4-77B5-4ED3-BEF3-48B6C47271D1}.Release|iPhoneSimulator.ActiveCfg = Release|Any CPU
		{BC4FAAE4-77B5-4ED3-BEF3-48B6C47271D1}.Release|iPhoneSimulator.Build.0 = Release|Any CPU
		{BC4FAAE4-77B5-4ED3-BEF3-48B6C47271D1}.Debug|iPhone.ActiveCfg = Debug|Any CPU
		{BC4FAAE4-77B5-4ED3-BEF3-48B6C47271D1}.Debug|iPhone.Build.0 = Debug|Any CPU
		{BC4FAAE4-77B5-4ED3-BEF3-48B6C47271D1}.Release|iPhone.ActiveCfg = Release|Any CPU
		{BC4FAAE4-77B5-4ED3-BEF3-48B6C47271D1}.Release|iPhone.Build.0 = Release|Any CPU
		{BC4FAAE4-77B5-4ED3-BEF3-48B6C47271D1}.Ad-Hoc|iPhone.ActiveCfg = Debug|Any CPU
		{BC4FAAE4-77B5-4ED3-BEF3-48B6C47271D1}.Ad-Hoc|iPhone.Build.0 = Debug|Any CPU
		{BC4FAAE4-77B5-4ED3-BEF3-48B6C47271D1}.AppStore|iPhone.ActiveCfg = Debug|Any CPU
		{BC4FAAE4-77B5-4ED3-BEF3-48B6C47271D1}.AppStore|iPhone.Build.0 = Debug|Any CPU
	EndGlobalSection
EndGlobal
